
Microsoft Visual Studio Solution File, Format Version 12.00
# Visual Studio Version 17
VisualStudioVersion = 17.0.31903.59
MinimumVisualStudioVersion = 10.0.40219.1
Project("{FAE04EC0-301F-11D3-BF4B-00C04F79EFBC}") = "FinancialTwin.API", "FinancialTwin.API\FinancialTwin.API.csproj", "{12D34DCB-3407-42C9-A974-E56CDED20807}"
EndProject
Project("{FAE04EC0-301F-11D3-BF4B-00C04F79EFBC}") = "FinancialTwin.Tests", "FinancialTwin.Tests\FinancialTwin.Tests.csproj", "{F16CADA6-91A4-41A9-9AD4-87EF63EB2248}"
EndProject
Global
	GlobalSection(SolutionConfigurationPlatforms) = preSolution
		Debug|Any CPU = Debug|Any CPU
		Debug|x64 = Debug|x64
		Debug|x86 = Debug|x86
		Release|Any CPU = Release|Any CPU
		Release|x64 = Release|x64
		Release|x86 = Release|x86
	EndGlobalSection
	GlobalSection(ProjectConfigurationPlatforms) = postSolution
		{12D34DCB-3407-42C9-A974-E56CDED20807}.Debug|Any CPU.ActiveCfg = Debug|Any CPU
		{12D34DCB-3407-42C9-A974-E56CDED20807}.Debug|Any CPU.Build.0 = Debug|Any CPU
		{12D34DCB-3407-42C9-A974-E56CDED20807}.Debug|x64.ActiveCfg = Debug|Any CPU
		{12D34DCB-3407-42C9-A974-E56CDED20807}.Debug|x64.Build.0 = Debug|Any CPU
		{12D34DCB-3407-42C9-A974-E56CDED20807}.Debug|x86.ActiveCfg = Debug|Any CPU
		{12D34DCB-3407-42C9-A974-E56CDED20807}.Debug|x86.Build.0 = Debug|Any CPU
		{12D34DCB-3407-42C9-A974-E56CDED20807}.Release|Any CPU.ActiveCfg = Release|Any CPU
		{12D34DCB-3407-42C9-A974-E56CDED20807}.Release|Any CPU.Build.0 = Release|Any CPU
		{12D34DCB-3407-42C9-A974-E56CDED20807}.Release|x64.ActiveCfg = Release|Any CPU
		{12D34DCB-3407-42C9-A974-E56CDED20807}.Release|x64.Build.0 = Release|Any CPU
		{12D34DCB-3407-42C9-A974-E56CDED20807}.Release|x86.ActiveCfg = Release|Any CPU
		{12D34DCB-3407-42C9-A974-E56CDED20807}.Release|x86.Build.0 = Release|Any CPU
		{F16CADA6-91A4-41A9-9AD4-87EF63EB2248}.Debug|Any CPU.ActiveCfg = Debug|Any CPU
		{F16CADA6-91A4-41A9-9AD4-87EF63EB2248}.Debug|Any CPU.Build.0 = Debug|Any CPU
		{F16CADA6-91A4-41A9-9AD4-87EF63EB2248}.Debug|x64.ActiveCfg = Debug|Any CPU
		{F16CADA6-91A4-41A9-9AD4-87EF63EB2248}.Debug|x64.Build.0 = Debug|Any CPU
		{F16CADA6-91A4-41A9-9AD4-87EF63EB2248}.Debug|x86.ActiveCfg = Debug|Any CPU
		{F16CADA6-91A4-41A9-9AD4-87EF63EB2248}.Debug|x86.Build.0 = Debug|Any CPU
		{F16CADA6-91A4-41A9-9AD4-87EF63EB2248}.Release|Any CPU.ActiveCfg = Release|Any CPU
		{F16CADA6-91A4-41A9-9AD4-87EF63EB2248}.Release|Any CPU.Build.0 = Release|Any CPU
		{F16CADA6-91A4-41A9-9AD4-87EF63EB2248}.Release|x64.ActiveCfg = Release|Any CPU
		{F16CADA6-91A4-41A9-9AD4-87EF63EB2248}.Release|x64.Build.0 = Release|Any CPU
		{F16CADA6-91A4-41A9-9AD4-87EF63EB2248}.Release|x86.ActiveCfg = Release|Any CPU
		{F16CADA6-91A4-41A9-9AD4-87EF63EB2248}.Release|x86.Build.0 = Release|Any CPU
	EndGlobalSection
	GlobalSection(SolutionProperties) = preSolution
		HideSolutionNode = FALSE
	EndGlobalSection
EndGlobal
